
Microsoft Visual Studio Solution File, Format Version 12.00
Project("{FAE04EC0-301F-11D3-BF4B-00C04F79EFBC}") = "Heatington", "Heatington\Heatington.csproj", "{AA27C1B8-6CFF-4A6B-AC53-CBBB1881DBD8}"
EndProject
Project("{AAAAAAAA-0000-0000-0000-000000000000}") = "Heatington.Console", "Heatington.Console\Heatington.Console.csproj", "{AAAAAAAA-0000-0000-0000-000000000000}"
EndProject
Project("{FAE04EC0-301F-11D3-BF4B-00C04F79EFBC}") = "Heatington.Tests", "Heatington.Tests\Heatington.Tests.csproj", "{F94D4439-2654-4EC0-A8B3-88437419A730}"
EndProject
Project("{FAE04EC0-301F-11D3-BF4B-00C04F79EFBC}") = "Heatington.Web", "Heatington.Web\Heatington.Web.csproj", "{B3AB3421-2654-4EC0-A8B3-88437419A730}"
EndProject
Project("{FAE04EC0-301F-11D3-BF4B-00C04F79EFBC}") = "Heatington.Web.Client", "Heatington.Web.Client\Heatington.Web.Client.csproj", "{00000000-0000-0000-0000-000000000000}"
EndProject
Project("{6865debf-71a2-4840-8d31-c1b4b60150f3}") = "Heatington.Microservice.OPT", "Heatington.Microservice.OPT/Heatington.Microservice.OPT.csproj", "{6865debf-71a2-4840-8d31-c1b4b60150f3}"
EndProject
Project("{29acf159-6bba-45bf-a8f6-e17a5129689f}") = "Heatington.Microservice.AM", "Heatington.Microservice.AM\Heatington.Microservice.AM.csproj", "{29acf159-6bba-45bf-a8f6-e17a5129689f}"
EndProject
Global
	GlobalSection(SolutionConfigurationPlatforms) = preSolution
		Debug|Any CPU = Debug|Any CPU
		Release|Any CPU = Release|Any CPU
	EndGlobalSection
	GlobalSection(ProjectConfigurationPlatforms) = postSolution

		{AA27C1B8-6CFF-4A6B-AC53-CBBB1881DBD8}.Debug|Any CPU.ActiveCfg = Debug|Any CPU
		{AA27C1B8-6CFF-4A6B-AC53-CBBB1881DBD8}.Debug|Any CPU.Build.0 = Debug|Any CPU
		{AA27C1B8-6CFF-4A6B-AC53-CBBB1881DBD8}.Release|Any CPU.ActiveCfg = Release|Any CPU
		{AA27C1B8-6CFF-4A6B-AC53-CBBB1881DBD8}.Release|Any CPU.Build.0 = Release|Any CPU

		{AA27C1B8-6CFF-4A6B-AC53-CBBB1881DBD8}.Debug|Any CPU.Deploy.0 = Debug|Any CPU

        {F94D4439-2654-4EC0-A8B3-88437419A730}.Debug|Any CPU.ActiveCfg = Debug|Any CPU
        {F94D4439-2654-4EC0-A8B3-88437419A730}.Debug|Any CPU.Build.0 = Debug|Any CPU
        {F94D4439-2654-4EC0-A8B3-88437419A730}.Release|Any CPU.ActiveCfg = Release|Any CPU
        {F94D4439-2654-4EC0-A8B3-88437419A730}.Release|Any CPU.Build.0 = Release|Any CPU

		{F94D4439-2654-4EC0-A8B3-88437419A730}.Debug|Any CPU.Deploy.0 = Debug|Any CPU

		{AAAAAAAA-0000-0000-0000-000000000000}.Debug|Any CPU.ActiveCfg = Debug|Any CPU
		{AAAAAAAA-0000-0000-0000-000000000000}.Debug|Any CPU.Build.0 = Debug|Any CPU
        {AAAAAAAA-0000-0000-0000-000000000000}.Release|Any CPU.ActiveCfg = Release|Any CPU
        {AAAAAAAA-0000-0000-0000-000000000000}.Release|Any CPU.Build.0 = Release|Any CPU

		{AAAAAAAA-0000-0000-0000-000000000000}.Debug|Any CPU.Deploy.0 = Debug|Any CPU

        {B3AB3421-2654-4EC0-A8B3-88437419A730}.Debug|Any CPU.ActiveCfg = Debug|Any CPU
        {B3AB3421-2654-4EC0-A8B3-88437419A730}.Debug|Any CPU.Build.0 = Debug|Any CPU
        {B3AB3421-2654-4EC0-A8B3-88437419A730}.Release|Any CPU.ActiveCfg = Release|Any CPU
        {B3AB3421-2654-4EC0-A8B3-88437419A730}.Release|Any CPU.Build.0 = Release|Any CPU

		{B3AB3421-2654-4EC0-A8B3-88437419A730}.Debug|Any CPU.Deploy.0 = Debug|Any CPU

		{00000000-0000-0000-0000-000000000000}.Debug|Any CPU.ActiveCfg = Debug|Any CPU
		{00000000-0000-0000-0000-000000000000}.Debug|Any CPU.Build.0 = Debug|Any CPU
		{00000000-0000-0000-0000-000000000000}.Debug|Any CPU.ActiveCfg = Release|Any CPU
		{00000000-0000-0000-0000-000000000000}.Debug|Any CPU.Build.0 = Release|Any CPU

		{00000000-0000-0000-0000-000000000000}.Debug|Any CPU.Deploy.0 = Debug|Any CPU

		{6865debf-71a2-4840-8d31-c1b4b60150f3}.Debug|Any CPU.ActiveCfg = Debug|Any CPU
		{6865debf-71a2-4840-8d31-c1b4b60150f3}.Debug|Any CPU.Build.0 = Debug|Any CPU
		{6865debf-71a2-4840-8d31-c1b4b60150f3}.Debug|Any CPU.ActiveCfg = Release|Any CPU
		{6865debf-71a2-4840-8d31-c1b4b60150f3}.Debug|Any CPU.Build.0 = Release|Any CPU

		{6865debf-71a2-4840-8d31-c1b4b60150f3}.Debug|Any CPU.Deploy.0 = Debug|Any CPU

        {29acf159-6bba-45bf-a8f6-e17a5129689f}.Debug|Any CPU.ActiveCfg = Debug|Any CPU
        {29acf159-6bba-45bf-a8f6-e17a5129689f}.Debug|Any CPU.Build.0 = Debug|Any CPU
        {29acf159-6bba-45bf-a8f6-e17a5129689f}.Debug|Any CPU.ActiveCfg = Release|Any CPU
        {29acf159-6bba-45bf-a8f6-e17a5129689f}.Debug|Any CPU.Build.0 = Release|Any CPU

        {29acf159-6bba-45bf-a8f6-e17a5129689f}.Debug|Any CPU.Deploy.0 = Debug|Any CPU
	EndGlobalSection
EndGlobal
